# THIS IS AN AUTOGENERATED FILE. DO NOT EDIT THIS FILE DIRECTLY.
# yarn lockfile v1


husky@^7.0.2:
  version "7.0.2"
  resolved "https://registry.yarnpkg.com/husky/-/husky-7.0.2.tgz#21900da0f30199acca43a46c043c4ad84ae88dff"
  integrity sha512-8yKEWNX4z2YsofXAMT7KvA1g8p+GxtB1ffV8XtpAEGuXNAbCV5wdNKH+qTpw8SM9fh4aMPDR+yQuKfgnreyZlg==
